// !$*UTF8*$!
{
	archiveVersion = 1;
	classes = {
	};
	objectVersion = 77;
	objects = {

/* Begin PBXBuildFile section */
		0C5476159C160033CC4639AE /* Assets.xcassets in Resources */ = {isa = PBXBuildFile; fileRef = D6280BEDFBE9479615734E2C /* Assets.xcassets */; };
		0DCDDCAD147E2C812447319C /* SharedDraftStore.swift in Sources */ = {isa = PBXBuildFile; fileRef = AF4B3B83CD2F8D2C98180DA9 /* SharedDraftStore.swift */; };
		124304DA5696454B68ACA7F5 /* ClearskyCore in Frameworks */ = {isa = PBXBuildFile; productRef = 5079E7511BB4BAB38C6E4EF9 /* ClearskyCore */; };
		198A2801134AD191C046760B /* TriageCardView.swift in Sources */ = {isa = PBXBuildFile; fileRef = 986DD752EC62880479CFFC85 /* TriageCardView.swift */; };
		32DB5A3BB8D50A56E7221CCE /* ClearskyApp.swift in Sources */ = {isa = PBXBuildFile; fileRef = 8F84AECEC8847841F4814FA4 /* ClearskyApp.swift */; };
		587073928568A855BB1957BC /* ClearskyCore in Frameworks */ = {isa = PBXBuildFile; productRef = EF3A5366202B1B6D822393C6 /* ClearskyCore */; };
		65A94DE5815474A75F332B79 /* SampleData.swift in Sources */ = {isa = PBXBuildFile; fileRef = 4920AA6BDBF01BBDF02DA8EF /* SampleData.swift */; };
		689D277032BF9E283562F44F /* PromiseStore.swift in Sources */ = {isa = PBXBuildFile; fileRef = EF7DFEF30476230E60827ED3 /* PromiseStore.swift */; };
		73B510E0D8C518597AA20746 /* ShareViewController.swift in Sources */ = {isa = PBXBuildFile; fileRef = A7494BA30BE6FF5A56834B14 /* ShareViewController.swift */; };
		78A0C8B1FAE720BE0CC38DF1 /* PromisesView.swift in Sources */ = {isa = PBXBuildFile; fileRef = 2E35D44150B05D6DD6102EA7 /* PromisesView.swift */; };
		7CC88D539B973CF5DC869984 /* MockCalendarService.swift in Sources */ = {isa = PBXBuildFile; fileRef = E719C4CDEE048730C364C07A /* MockCalendarService.swift */; };
		8D6D0B70934542BB9D636902 /* Clearsky.storekit in Resources */ = {isa = PBXBuildFile; fileRef = 702B1666294969184CC89B9C /* Clearsky.storekit */; };
		957F660BD6184C1B7820CC06 /* NewPromiseView.swift in Sources */ = {isa = PBXBuildFile; fileRef = 111D7444576901364A6A65EA /* NewPromiseView.swift */; };
		A4CBE9003109FB22C78DB53D /* TodayView.swift in Sources */ = {isa = PBXBuildFile; fileRef = FDE7775AB900A1DF2519C802 /* TodayView.swift */; };
		A8FDC594D11223E121EB2CBB /* SharedDraftStoreTests.swift in Sources */ = {isa = PBXBuildFile; fileRef = BADFB4688E1A11E5B4C07BC1 /* SharedDraftStoreTests.swift */; };
		AD3236EEF9C27979C22B7EF8 /* TriageView.swift in Sources */ = {isa = PBXBuildFile; fileRef = 9149D492E3EAEEEBF5ED2C93 /* TriageView.swift */; };
		AE67B762C7F09B2A0535DBB3 /* PromiseStoreTests.swift in Sources */ = {isa = PBXBuildFile; fileRef = E70AA031A570FAD3768590A5 /* PromiseStoreTests.swift */; };
		B975D90CAF8214D4F11F6436 /* EventKitCalendarService.swift in Sources */ = {isa = PBXBuildFile; fileRef = 1B298FBB63A8DD875179E5A2 /* EventKitCalendarService.swift */; };
		BF46DCC40AA4FEBF7CD069C6 /* CalendarHolding.swift in Sources */ = {isa = PBXBuildFile; fileRef = 80B6106AD0E7DAB17A9B76D6 /* CalendarHolding.swift */; };
		C1925905FF198269AE75544F /* DesignTokens.swift in Sources */ = {isa = PBXBuildFile; fileRef = 93785EB21A134B1D3B50C3D1 /* DesignTokens.swift */; };
		CAEE140EF24BA2378162852B /* DomainDisplay.swift in Sources */ = {isa = PBXBuildFile; fileRef = 008C9F2D6BDB14D737AFB3A9 /* DomainDisplay.swift */; };
		D083B96E6C3D574905EC9792 /* SharedDraftStore.swift in Sources */ = {isa = PBXBuildFile; fileRef = AF4B3B83CD2F8D2C98180DA9 /* SharedDraftStore.swift */; };
		E4E8510FECEA781E74A86254 /* ClearskyCore in Frameworks */ = {isa = PBXBuildFile; productRef = E23B5AA488A087FBAC631767 /* ClearskyCore */; };
		F41800BFC4CF32800C277318 /* ClearskyShareExtension.appex in Embed Foundation Extensions */ = {isa = PBXBuildFile; fileRef = D23DC4DFF7295EE9FBE30B8A /* ClearskyShareExtension.appex */; settings = {ATTRIBUTES = (RemoveHeadersOnCopy, ); }; };
		FBD78EDA4DD72BA12FD468A1 /* EventKitCalendarServiceTests.swift in Sources */ = {isa = PBXBuildFile; fileRef = 77B57F94031312367FEA0CAC /* EventKitCalendarServiceTests.swift */; };
		FEE88C06BD4264602F02674E /* RootView.swift in Sources */ = {isa = PBXBuildFile; fileRef = 6AD00B9CF95A5E3906519477 /* RootView.swift */; };
/* End PBXBuildFile section */

/* Begin PBXContainerItemProxy section */
		662CC33D80DAE048DE23444E /* PBXContainerItemProxy */ = {
			isa = PBXContainerItemProxy;
			containerPortal = D7D4568DA67B80636FD5A766 /* Project object */;
			proxyType = 1;
			remoteGlobalIDString = 43D6CDA35720240E885F9A16;
			remoteInfo = ClearskyApp;
		};
		8BF1D713746801F21DBC7E58 /* PBXContainerItemProxy */ = {
			isa = PBXContainerItemProxy;
			containerPortal = D7D4568DA67B80636FD5A766 /* Project object */;
			proxyType = 1;
			remoteGlobalIDString = 5E9D557A2D494A8BFCDF5392;
			remoteInfo = ClearskyShareExtension;
		};
/* End PBXContainerItemProxy section */

/* Begin PBXCopyFilesBuildPhase section */
		B5B8EA9074AEEFBD7497BB63 /* Embed Foundation Extensions */ = {
			isa = PBXCopyFilesBuildPhase;
			buildActionMask = 2147483647;
			dstPath = "";
			dstSubfolderSpec = 13;
			files = (
				F41800BFC4CF32800C277318 /* ClearskyShareExtension.appex in Embed Foundation Extensions */,
			);
			name = "Embed Foundation Extensions";
			runOnlyForDeploymentPostprocessing = 0;
		};
/* End PBXCopyFilesBuildPhase section */

/* Begin PBXFileReference section */
		008C9F2D6BDB14D737AFB3A9 /* DomainDisplay.swift */ = {isa = PBXFileReference; lastKnownFileType = sourcecode.swift; path = DomainDisplay.swift; sourceTree = "<group>"; };
		111D7444576901364A6A65EA /* NewPromiseView.swift */ = {isa = PBXFileReference; lastKnownFileType = sourcecode.swift; path = NewPromiseView.swift; sourceTree = "<group>"; };
		1B298FBB63A8DD875179E5A2 /* EventKitCalendarService.swift */ = {isa = PBXFileReference; lastKnownFileType = sourcecode.swift; path = EventKitCalendarService.swift; sourceTree = "<group>"; };
		2E35D44150B05D6DD6102EA7 /* PromisesView.swift */ = {isa = PBXFileReference; lastKnownFileType = sourcecode.swift; path = PromisesView.swift; sourceTree = "<group>"; };
		4920AA6BDBF01BBDF02DA8EF /* SampleData.swift */ = {isa = PBXFileReference; lastKnownFileType = sourcecode.swift; path = SampleData.swift; sourceTree = "<group>"; };
		6AD00B9CF95A5E3906519477 /* RootView.swift */ = {isa = PBXFileReference; lastKnownFileType = sourcecode.swift; path = RootView.swift; sourceTree = "<group>"; };
		702B1666294969184CC89B9C /* Clearsky.storekit */ = {isa = PBXFileReference; path = Clearsky.storekit; sourceTree = "<group>"; };
		77B57F94031312367FEA0CAC /* EventKitCalendarServiceTests.swift */ = {isa = PBXFileReference; lastKnownFileType = sourcecode.swift; path = EventKitCalendarServiceTests.swift; sourceTree = "<group>"; };
		80B6106AD0E7DAB17A9B76D6 /* CalendarHolding.swift */ = {isa = PBXFileReference; lastKnownFileType = sourcecode.swift; path = CalendarHolding.swift; sourceTree = "<group>"; };
		8F84AECEC8847841F4814FA4 /* ClearskyApp.swift */ = {isa = PBXFileReference; lastKnownFileType = sourcecode.swift; path = ClearskyApp.swift; sourceTree = "<group>"; };
		9149D492E3EAEEEBF5ED2C93 /* TriageView.swift */ = {isa = PBXFileReference; lastKnownFileType = sourcecode.swift; path = TriageView.swift; sourceTree = "<group>"; };
		93785EB21A134B1D3B50C3D1 /* DesignTokens.swift */ = {isa = PBXFileReference; lastKnownFileType = sourcecode.swift; path = DesignTokens.swift; sourceTree = "<group>"; };
		986DD752EC62880479CFFC85 /* TriageCardView.swift */ = {isa = PBXFileReference; lastKnownFileType = sourcecode.swift; path = TriageCardView.swift; sourceTree = "<group>"; };
		99D0E1ED311CB463936DE6CB /* ClearskyApp.entitlements */ = {isa = PBXFileReference; lastKnownFileType = text.plist.entitlements; path = ClearskyApp.entitlements; sourceTree = "<group>"; };
		9E2AAEF072DF8480794A7644 /* ClearskyCore */ = {isa = PBXFileReference; lastKnownFileType = folder; name = ClearskyCore; path = ../ClearskyCore; sourceTree = SOURCE_ROOT; };
		A7494BA30BE6FF5A56834B14 /* ShareViewController.swift */ = {isa = PBXFileReference; lastKnownFileType = sourcecode.swift; path = ShareViewController.swift; sourceTree = "<group>"; };
		AF4B3B83CD2F8D2C98180DA9 /* SharedDraftStore.swift */ = {isa = PBXFileReference; lastKnownFileType = sourcecode.swift; path = SharedDraftStore.swift; sourceTree = "<group>"; };
		B4C5C1494CB5ABAFC993749F /* ClearskyShareExtension.entitlements */ = {isa = PBXFileReference; lastKnownFileType = text.plist.entitlements; path = ClearskyShareExtension.entitlements; sourceTree = "<group>"; };
		BADFB4688E1A11E5B4C07BC1 /* SharedDraftStoreTests.swift */ = {isa = PBXFileReference; lastKnownFileType = sourcecode.swift; path = SharedDraftStoreTests.swift; sourceTree = "<group>"; };
		BC4F49F7841AF23BBC258595 /* ClearskyAppTests.xctest */ = {isa = PBXFileReference; includeInIndex = 0; lastKnownFileType = wrapper.cfbundle; path = ClearskyAppTests.xctest; sourceTree = BUILT_PRODUCTS_DIR; };
		D23DC4DFF7295EE9FBE30B8A /* ClearskyShareExtension.appex */ = {isa = PBXFileReference; includeInIndex = 0; lastKnownFileType = "wrapper.app-extension"; path = ClearskyShareExtension.appex; sourceTree = BUILT_PRODUCTS_DIR; };
		D6280BEDFBE9479615734E2C /* Assets.xcassets */ = {isa = PBXFileReference; lastKnownFileType = folder.assetcatalog; path = Assets.xcassets; sourceTree = "<group>"; };
		E70AA031A570FAD3768590A5 /* PromiseStoreTests.swift */ = {isa = PBXFileReference; lastKnownFileType = sourcecode.swift; path = PromiseStoreTests.swift; sourceTree = "<group>"; };
		E719C4CDEE048730C364C07A /* MockCalendarService.swift */ = {isa = PBXFileReference; lastKnownFileType = sourcecode.swift; path = MockCalendarService.swift; sourceTree = "<group>"; };
		EF7DFEF30476230E60827ED3 /* PromiseStore.swift */ = {isa = PBXFileReference; lastKnownFileType = sourcecode.swift; path = PromiseStore.swift; sourceTree = "<group>"; };
		FACDDAFF6B992C6B31561041 /* ClearskyApp.app */ = {isa = PBXFileReference; includeInIndex = 0; lastKnownFileType = wrapper.application; path = ClearskyApp.app; sourceTree = BUILT_PRODUCTS_DIR; };
		FDE7775AB900A1DF2519C802 /* TodayView.swift */ = {isa = PBXFileReference; lastKnownFileType = sourcecode.swift; path = TodayView.swift; sourceTree = "<group>"; };
/* End PBXFileReference section */

/* Begin PBXFrameworksBuildPhase section */
		048F16AF6EE4D78BC596E1EA /* Frameworks */ = {
			isa = PBXFrameworksBuildPhase;
			buildActionMask = 2147483647;
			files = (
				587073928568A855BB1957BC /* ClearskyCore in Frameworks */,
			);
			runOnlyForDeploymentPostprocessing = 0;
		};
		979D6CED53FE767BE211AB05 /* Frameworks */ = {
			isa = PBXFrameworksBuildPhase;
			buildActionMask = 2147483647;
			files = (
				124304DA5696454B68ACA7F5 /* ClearskyCore in Frameworks */,
			);
			runOnlyForDeploymentPostprocessing = 0;
		};
		AED93DA7AD961287301BC23B /* Frameworks */ = {
			isa = PBXFrameworksBuildPhase;
			buildActionMask = 2147483647;
			files = (
				E4E8510FECEA781E74A86254 /* ClearskyCore in Frameworks */,
			);
			runOnlyForDeploymentPostprocessing = 0;
		};
/* End PBXFrameworksBuildPhase section */

/* Begin PBXGroup section */
		07D7CF543A7DA91D483EF4C5 = {
			isa = PBXGroup;
			children = (
				B17BE78F4A05864DAED9010A /* ClearskyApp */,
				E47B294ACE77DE2BEE382EF6 /* ClearskyAppTests */,
				29B34C1C7B4085904B4FE7E3 /* ClearskyShareExtension */,
				E7C67DFC11E6F9B6B92CBD04 /* Packages */,
				259AD775CBF766E78A9E2908 /* Shared */,
				5C116E335ABDC88A39F0F65E /* Products */,
			);
			sourceTree = "<group>";
		};
		259AD775CBF766E78A9E2908 /* Shared */ = {
			isa = PBXGroup;
			children = (
				AF4B3B83CD2F8D2C98180DA9 /* SharedDraftStore.swift */,
			);
			path = Shared;
			sourceTree = "<group>";
		};
		29B34C1C7B4085904B4FE7E3 /* ClearskyShareExtension */ = {
			isa = PBXGroup;
			children = (
				B4C5C1494CB5ABAFC993749F /* ClearskyShareExtension.entitlements */,
				A7494BA30BE6FF5A56834B14 /* ShareViewController.swift */,
			);
			path = ClearskyShareExtension;
			sourceTree = "<group>";
		};
		5C116E335ABDC88A39F0F65E /* Products */ = {
			isa = PBXGroup;
			children = (
				FACDDAFF6B992C6B31561041 /* ClearskyApp.app */,
				BC4F49F7841AF23BBC258595 /* ClearskyAppTests.xctest */,
				D23DC4DFF7295EE9FBE30B8A /* ClearskyShareExtension.appex */,
			);
			name = Products;
			sourceTree = "<group>";
		};
		B17BE78F4A05864DAED9010A /* ClearskyApp */ = {
			isa = PBXGroup;
			children = (
				D6280BEDFBE9479615734E2C /* Assets.xcassets */,
				80B6106AD0E7DAB17A9B76D6 /* CalendarHolding.swift */,
				702B1666294969184CC89B9C /* Clearsky.storekit */,
				99D0E1ED311CB463936DE6CB /* ClearskyApp.entitlements */,
				8F84AECEC8847841F4814FA4 /* ClearskyApp.swift */,
				93785EB21A134B1D3B50C3D1 /* DesignTokens.swift */,
				008C9F2D6BDB14D737AFB3A9 /* DomainDisplay.swift */,
				1B298FBB63A8DD875179E5A2 /* EventKitCalendarService.swift */,
				111D7444576901364A6A65EA /* NewPromiseView.swift */,
				EF7DFEF30476230E60827ED3 /* PromiseStore.swift */,
				2E35D44150B05D6DD6102EA7 /* PromisesView.swift */,
				6AD00B9CF95A5E3906519477 /* RootView.swift */,
				4920AA6BDBF01BBDF02DA8EF /* SampleData.swift */,
				FDE7775AB900A1DF2519C802 /* TodayView.swift */,
				986DD752EC62880479CFFC85 /* TriageCardView.swift */,
				9149D492E3EAEEEBF5ED2C93 /* TriageView.swift */,
			);
			path = ClearskyApp;
			sourceTree = "<group>";
		};
		E47B294ACE77DE2BEE382EF6 /* ClearskyAppTests */ = {
			isa = PBXGroup;
			children = (
				77B57F94031312367FEA0CAC /* EventKitCalendarServiceTests.swift */,
				E719C4CDEE048730C364C07A /* MockCalendarService.swift */,
				E70AA031A570FAD3768590A5 /* PromiseStoreTests.swift */,
				BADFB4688E1A11E5B4C07BC1 /* SharedDraftStoreTests.swift */,
			);
			path = ClearskyAppTests;
			sourceTree = "<group>";
		};
		E7C67DFC11E6F9B6B92CBD04 /* Packages */ = {
			isa = PBXGroup;
			children = (
				9E2AAEF072DF8480794A7644 /* ClearskyCore */,
			);
			name = Packages;
			sourceTree = "<group>";
		};
/* End PBXGroup section */

/* Begin PBXNativeTarget section */
		43D6CDA35720240E885F9A16 /* ClearskyApp */ = {
			isa = PBXNativeTarget;
			buildConfigurationList = CB60D43C9173D13D8794A3C4 /* Build configuration list for PBXNativeTarget "ClearskyApp" */;
			buildPhases = (
				AA01CADE3E686F18C388DDB5 /* Sources */,
				61B3C76A8B297E2B678A3BB6 /* Resources */,
				AED93DA7AD961287301BC23B /* Frameworks */,
				B5B8EA9074AEEFBD7497BB63 /* Embed Foundation Extensions */,
			);
			buildRules = (
			);
			dependencies = (
				84D67CF97AC33267B6202DD2 /* PBXTargetDependency */,
			);
			name = ClearskyApp;
			packageProductDependencies = (
				E23B5AA488A087FBAC631767 /* ClearskyCore */,
			);
			productName = ClearskyApp;
			productReference = FACDDAFF6B992C6B31561041 /* ClearskyApp.app */;
			productType = "com.apple.product-type.application";
		};
		5E9D557A2D494A8BFCDF5392 /* ClearskyShareExtension */ = {
			isa = PBXNativeTarget;
			buildConfigurationList = FF54C0FC6CD70F6732DEE3F8 /* Build configuration list for PBXNativeTarget "ClearskyShareExtension" */;
			buildPhases = (
				8471E3BBFE7346EAD897A30D /* Sources */,
				979D6CED53FE767BE211AB05 /* Frameworks */,
			);
			buildRules = (
			);
			dependencies = (
			);
			name = ClearskyShareExtension;
			packageProductDependencies = (
				5079E7511BB4BAB38C6E4EF9 /* ClearskyCore */,
			);
			productName = ClearskyShareExtension;
			productReference = D23DC4DFF7295EE9FBE30B8A /* ClearskyShareExtension.appex */;
			productType = "com.apple.product-type.app-extension";
		};
		C83ACEC2106A2E70CCC8D65D /* ClearskyAppTests */ = {
			isa = PBXNativeTarget;
			buildConfigurationList = 08FDED7688CA71750CDBEB22 /* Build configuration list for PBXNativeTarget "ClearskyAppTests" */;
			buildPhases = (
				28D9105798A534CECABF984C /* Sources */,
				048F16AF6EE4D78BC596E1EA /* Frameworks */,
			);
			buildRules = (
			);
			dependencies = (
				6BEB78AE545E41AC36E7758C /* PBXTargetDependency */,
			);
			name = ClearskyAppTests;
			packageProductDependencies = (
				EF3A5366202B1B6D822393C6 /* ClearskyCore */,
			);
			productName = ClearskyAppTests;
			productReference = BC4F49F7841AF23BBC258595 /* ClearskyAppTests.xctest */;
			productType = "com.apple.product-type.bundle.unit-test";
		};
/* End PBXNativeTarget section */

/* Begin PBXProject section */
		D7D4568DA67B80636FD5A766 /* Project object */ = {
			isa = PBXProject;
			attributes = {
				BuildIndependentTargetsInParallel = YES;
				LastUpgradeCheck = 1430;
				TargetAttributes = {
					43D6CDA35720240E885F9A16 = {
						ProvisioningStyle = Automatic;
					};
					5E9D557A2D494A8BFCDF5392 = {
						ProvisioningStyle = Automatic;
					};
					C83ACEC2106A2E70CCC8D65D = {
						ProvisioningStyle = Automatic;
					};
				};
			};
			buildConfigurationList = 71CB7F2B8361C3566A615F1E /* Build configuration list for PBXProject "ClearskyApp" */;
			developmentRegion = en;
			hasScannedForEncodings = 0;
			knownRegions = (
				Base,
				en,
			);
			mainGroup = 07D7CF543A7DA91D483EF4C5;
			minimizedProjectReferenceProxies = 1;
			packageReferences = (
				631B9A01C29386915119CBB5 /* XCLocalSwiftPackageReference "../ClearskyCore" */,
			);
			preferredProjectObjectVersion = 77;
			productRefGroup = 5C116E335ABDC88A39F0F65E /* Products */;
			projectDirPath = "";
			projectRoot = "";
			targets = (
				43D6CDA35720240E885F9A16 /* ClearskyApp */,
				5E9D557A2D494A8BFCDF5392 /* ClearskyShareExtension */,
				C83ACEC2106A2E70CCC8D65D /* ClearskyAppTests */,
			);
		};
/* End PBXProject section */

/* Begin PBXResourcesBuildPhase section */
		61B3C76A8B297E2B678A3BB6 /* Resources */ = {
			isa = PBXResourcesBuildPhase;
			buildActionMask = 2147483647;
			files = (
				0C5476159C160033CC4639AE /* Assets.xcassets in Resources */,
				8D6D0B70934542BB9D636902 /* Clearsky.storekit in Resources */,
			);
			runOnlyForDeploymentPostprocessing = 0;
		};
/* End PBXResourcesBuildPhase section */

/* Begin PBXSourcesBuildPhase section */
		28D9105798A534CECABF984C /* Sources */ = {
			isa = PBXSourcesBuildPhase;
			buildActionMask = 2147483647;
			files = (
				FBD78EDA4DD72BA12FD468A1 /* EventKitCalendarServiceTests.swift in Sources */,
				7CC88D539B973CF5DC869984 /* MockCalendarService.swift in Sources */,
				AE67B762C7F09B2A0535DBB3 /* PromiseStoreTests.swift in Sources */,
				A8FDC594D11223E121EB2CBB /* SharedDraftStoreTests.swift in Sources */,
			);
			runOnlyForDeploymentPostprocessing = 0;
		};
		8471E3BBFE7346EAD897A30D /* Sources */ = {
			isa = PBXSourcesBuildPhase;
			buildActionMask = 2147483647;
			files = (
				73B510E0D8C518597AA20746 /* ShareViewController.swift in Sources */,
				D083B96E6C3D574905EC9792 /* SharedDraftStore.swift in Sources */,
			);
			runOnlyForDeploymentPostprocessing = 0;
		};
		AA01CADE3E686F18C388DDB5 /* Sources */ = {
			isa = PBXSourcesBuildPhase;
			buildActionMask = 2147483647;
			files = (
				BF46DCC40AA4FEBF7CD069C6 /* CalendarHolding.swift in Sources */,
				32DB5A3BB8D50A56E7221CCE /* ClearskyApp.swift in Sources */,
				C1925905FF198269AE75544F /* DesignTokens.swift in Sources */,
				CAEE140EF24BA2378162852B /* DomainDisplay.swift in Sources */,
				B975D90CAF8214D4F11F6436 /* EventKitCalendarService.swift in Sources */,
				957F660BD6184C1B7820CC06 /* NewPromiseView.swift in Sources */,
				689D277032BF9E283562F44F /* PromiseStore.swift in Sources */,
				78A0C8B1FAE720BE0CC38DF1 /* PromisesView.swift in Sources */,
				FEE88C06BD4264602F02674E /* RootView.swift in Sources */,
				65A94DE5815474A75F332B79 /* SampleData.swift in Sources */,
				0DCDDCAD147E2C812447319C /* SharedDraftStore.swift in Sources */,
				A4CBE9003109FB22C78DB53D /* TodayView.swift in Sources */,
				198A2801134AD191C046760B /* TriageCardView.swift in Sources */,
				AD3236EEF9C27979C22B7EF8 /* TriageView.swift in Sources */,
			);
			runOnlyForDeploymentPostprocessing = 0;
		};
/* End PBXSourcesBuildPhase section */

/* Begin PBXTargetDependency section */
		6BEB78AE545E41AC36E7758C /* PBXTargetDependency */ = {
			isa = PBXTargetDependency;
			target = 43D6CDA35720240E885F9A16 /* ClearskyApp */;
			targetProxy = 662CC33D80DAE048DE23444E /* PBXContainerItemProxy */;
		};
		84D67CF97AC33267B6202DD2 /* PBXTargetDependency */ = {
			isa = PBXTargetDependency;
			target = 5E9D557A2D494A8BFCDF5392 /* ClearskyShareExtension */;
			targetProxy = 8BF1D713746801F21DBC7E58 /* PBXContainerItemProxy */;
		};
/* End PBXTargetDependency section */

/* Begin XCBuildConfiguration section */
		05403A016EBEF7DD9FAFAC1B /* Debug */ = {
			isa = XCBuildConfiguration;
			buildSettings = {
				ASSETCATALOG_COMPILER_APPICON_NAME = AppIcon;
				ASSETCATALOG_COMPILER_GLOBAL_ACCENT_COLOR_NAME = AccentColor;
				CODE_SIGNING_ALLOWED = NO;
				CODE_SIGNING_REQUIRED = NO;
				CODE_SIGN_ENTITLEMENTS = ClearskyApp/ClearskyApp.entitlements;
				CODE_SIGN_IDENTITY = "iPhone Developer";
				CODE_SIGN_STYLE = Automatic;
				CURRENT_PROJECT_VERSION = 1;
				ENABLE_PREVIEWS = YES;
				GENERATE_INFOPLIST_FILE = YES;
				INFOPLIST_KEY_CFBundleDisplayName = Clearsky;
				INFOPLIST_KEY_NSCalendarsFullAccessUsageDescription = "Clearsky holds time on your calendar for the plans you protect.";
				INFOPLIST_KEY_UIApplicationSceneManifest_Generation = YES;
				INFOPLIST_KEY_UILaunchScreen_Generation = YES;
				INFOPLIST_KEY_UISupportedInterfaceOrientations = UIInterfaceOrientationPortrait;
				"INFOPLIST_KEY_UISupportedInterfaceOrientations~ipad" = "UIInterfaceOrientationPortrait UIInterfaceOrientationPortraitUpsideDown UIInterfaceOrientationLandscapeLeft UIInterfaceOrientationLandscapeRight";
				IPHONEOS_DEPLOYMENT_TARGET = 17.0;
				LD_RUNPATH_SEARCH_PATHS = (
					"$(inherited)",
					"@executable_path/Frameworks",
				);
				MARKETING_VERSION = 0.1.0;
				PRODUCT_BUNDLE_IDENTIFIER = com.marcosmvm.clearsky.app;
				PRODUCT_NAME = ClearskyApp;
				SDKROOT = iphoneos;
				SWIFT_EMIT_LOC_STRINGS = YES;
				SWIFT_VERSION = 5.9;
				TARGETED_DEVICE_FAMILY = 1;
			};
			name = Debug;
		};
		1527D00CA5D64E161EBDA259 /* Debug */ = {
			isa = XCBuildConfiguration;
			buildSettings = {
				BUNDLE_LOADER = "$(TEST_HOST)";
				CODE_SIGNING_ALLOWED = NO;
				CODE_SIGNING_REQUIRED = NO;
				CODE_SIGN_STYLE = Automatic;
				GENERATE_INFOPLIST_FILE = YES;
				IPHONEOS_DEPLOYMENT_TARGET = 17.0;
				LD_RUNPATH_SEARCH_PATHS = (
					"$(inherited)",
					"@executable_path/Frameworks",
					"@loader_path/Frameworks",
				);
				PRODUCT_BUNDLE_IDENTIFIER = com.marcosmvm.clearsky.ClearskyAppTests;
				PRODUCT_NAME = ClearskyAppTests;
				SDKROOT = iphoneos;
				SWIFT_VERSION = 5.9;
				TARGETED_DEVICE_FAMILY = "1,2";
				TEST_HOST = "$(BUILT_PRODUCTS_DIR)/ClearskyApp.app/ClearskyApp";
			};
			name = Debug;
		};
		17008ABEECBF0AD2883C8590 /* Release */ = {
			isa = XCBuildConfiguration;
			buildSettings = {
				ALWAYS_SEARCH_USER_PATHS = NO;
				CLANG_ANALYZER_NONNULL = YES;
				CLANG_ANALYZER_NUMBER_OBJECT_CONVERSION = YES_AGGRESSIVE;
				CLANG_CXX_LANGUAGE_STANDARD = "gnu++14";
				CLANG_CXX_LIBRARY = "libc++";
				CLANG_ENABLE_MODULES = YES;
				CLANG_ENABLE_OBJC_ARC = YES;
				CLANG_ENABLE_OBJC_WEAK = YES;
				CLANG_WARN_BLOCK_CAPTURE_AUTORELEASING = YES;
				CLANG_WARN_BOOL_CONVERSION = YES;
				CLANG_WARN_COMMA = YES;
				CLANG_WARN_CONSTANT_CONVERSION = YES;
				CLANG_WARN_DEPRECATED_OBJC_IMPLEMENTATIONS = YES;
				CLANG_WARN_DIRECT_OBJC_ISA_USAGE = YES_ERROR;
				CLANG_WARN_DOCUMENTATION_COMMENTS = YES;
				CLANG_WARN_EMPTY_BODY = YES;
				CLANG_WARN_ENUM_CONVERSION = YES;
				CLANG_WARN_INFINITE_RECURSION = YES;
				CLANG_WARN_INT_CONVERSION = YES;
				CLANG_WARN_NON_LITERAL_NULL_CONVERSION = YES;
				CLANG_WARN_OBJC_IMPLICIT_RETAIN_SELF = YES;
				CLANG_WARN_OBJC_LITERAL_CONVERSION = YES;
				CLANG_WARN_OBJC_ROOT_CLASS = YES_ERROR;
				CLANG_WARN_QUOTED_INCLUDE_IN_FRAMEWORK_HEADER = YES;
				CLANG_WARN_RANGE_LOOP_ANALYSIS = YES;
				CLANG_WARN_STRICT_PROTOTYPES = YES;
				CLANG_WARN_SUSPICIOUS_MOVE = YES;
				CLANG_WARN_UNGUARDED_AVAILABILITY = YES_AGGRESSIVE;
				CLANG_WARN_UNREACHABLE_CODE = YES;
				CLANG_WARN__DUPLICATE_METHOD_MATCH = YES;
				COPY_PHASE_STRIP = NO;
				DEBUG_INFORMATION_FORMAT = "dwarf-with-dsym";
				ENABLE_NS_ASSERTIONS = NO;
				ENABLE_STRICT_OBJC_MSGSEND = YES;
				GCC_C_LANGUAGE_STANDARD = gnu11;
				GCC_NO_COMMON_BLOCKS = YES;
				GCC_WARN_64_TO_32_BIT_CONVERSION = YES;
				GCC_WARN_ABOUT_RETURN_TYPE = YES_ERROR;
				GCC_WARN_UNDECLARED_SELECTOR = YES;
				GCC_WARN_UNINITIALIZED_AUTOS = YES_AGGRESSIVE;
				GCC_WARN_UNUSED_FUNCTION = YES;
				GCC_WARN_UNUSED_VARIABLE = YES;
				IPHONEOS_DEPLOYMENT_TARGET = 17.0;
				MTL_ENABLE_DEBUG_INFO = NO;
				MTL_FAST_MATH = YES;
				PRODUCT_NAME = "$(TARGET_NAME)";
				SDKROOT = iphoneos;
				SWIFT_COMPILATION_MODE = wholemodule;
				SWIFT_OPTIMIZATION_LEVEL = "-O";
				SWIFT_VERSION = 5.0;
			};
			name = Release;
		};
		3FEB111BCA645FDA1FB92B17 /* Release */ = {
			isa = XCBuildConfiguration;
			buildSettings = {
				CODE_SIGNING_ALLOWED = NO;
				CODE_SIGNING_REQUIRED = NO;
				CODE_SIGN_ENTITLEMENTS = ClearskyShareExtension/ClearskyShareExtension.entitlements;
				CODE_SIGN_STYLE = Automatic;
				CURRENT_PROJECT_VERSION = 1;
				INFOPLIST_FILE = ClearskyShareExtension/Info.plist;
				IPHONEOS_DEPLOYMENT_TARGET = 17.0;
				LD_RUNPATH_SEARCH_PATHS = (
					"$(inherited)",
					"@executable_path/Frameworks",
					"@executable_path/../../Frameworks",
				);
				MARKETING_VERSION = 0.1.0;
				PRODUCT_BUNDLE_IDENTIFIER = com.marcosmvm.clearsky.app.ShareExtension;
				PRODUCT_NAME = ClearskyShareExtension;
				SDKROOT = iphoneos;
				SKIP_INSTALL = YES;
				SWIFT_EMIT_LOC_STRINGS = YES;
				SWIFT_VERSION = 5.9;
				TARGETED_DEVICE_FAMILY = 1;
			};
			name = Release;
		};
		404A76F5A8DAA011652736EF /* Debug */ = {
			isa = XCBuildConfiguration;
			buildSettings = {
				ALWAYS_SEARCH_USER_PATHS = NO;
				CLANG_ANALYZER_NONNULL = YES;
				CLANG_ANALYZER_NUMBER_OBJECT_CONVERSION = YES_AGGRESSIVE;
				CLANG_CXX_LANGUAGE_STANDARD = "gnu++14";
				CLANG_CXX_LIBRARY = "libc++";
				CLANG_ENABLE_MODULES = YES;
				CLANG_ENABLE_OBJC_ARC = YES;
				CLANG_ENABLE_OBJC_WEAK = YES;
				CLANG_WARN_BLOCK_CAPTURE_AUTORELEASING = YES;
				CLANG_WARN_BOOL_CONVERSION = YES;
				CLANG_WARN_COMMA = YES;
				CLANG_WARN_CONSTANT_CONVERSION = YES;
				CLANG_WARN_DEPRECATED_OBJC_IMPLEMENTATIONS = YES;
				CLANG_WARN_DIRECT_OBJC_ISA_USAGE = YES_ERROR;
				CLANG_WARN_DOCUMENTATION_COMMENTS = YES;
				CLANG_WARN_EMPTY_BODY = YES;
				CLANG_WARN_ENUM_CONVERSION = YES;
				CLANG_WARN_INFINITE_RECURSION = YES;
				CLANG_WARN_INT_CONVERSION = YES;
				CLANG_WARN_NON_LITERAL_NULL_CONVERSION = YES;
				CLANG_WARN_OBJC_IMPLICIT_RETAIN_SELF = YES;
				CLANG_WARN_OBJC_LITERAL_CONVERSION = YES;
				CLANG_WARN_OBJC_ROOT_CLASS = YES_ERROR;
				CLANG_WARN_QUOTED_INCLUDE_IN_FRAMEWORK_HEADER = YES;
				CLANG_WARN_RANGE_LOOP_ANALYSIS = YES;
				CLANG_WARN_STRICT_PROTOTYPES = YES;
				CLANG_WARN_SUSPICIOUS_MOVE = YES;
				CLANG_WARN_UNGUARDED_AVAILABILITY = YES_AGGRESSIVE;
				CLANG_WARN_UNREACHABLE_CODE = YES;
				CLANG_WARN__DUPLICATE_METHOD_MATCH = YES;
				COPY_PHASE_STRIP = NO;
				DEBUG_INFORMATION_FORMAT = dwarf;
				ENABLE_STRICT_OBJC_MSGSEND = YES;
				ENABLE_TESTABILITY = YES;
				GCC_C_LANGUAGE_STANDARD = gnu11;
				GCC_DYNAMIC_NO_PIC = NO;
				GCC_NO_COMMON_BLOCKS = YES;
				GCC_OPTIMIZATION_LEVEL = 0;
				GCC_PREPROCESSOR_DEFINITIONS = (
					"$(inherited)",
					"DEBUG=1",
				);
				GCC_WARN_64_TO_32_BIT_CONVERSION = YES;
				GCC_WARN_ABOUT_RETURN_TYPE = YES_ERROR;
				GCC_WARN_UNDECLARED_SELECTOR = YES;
				GCC_WARN_UNINITIALIZED_AUTOS = YES_AGGRESSIVE;
				GCC_WARN_UNUSED_FUNCTION = YES;
				GCC_WARN_UNUSED_VARIABLE = YES;
				IPHONEOS_DEPLOYMENT_TARGET = 17.0;
				MTL_ENABLE_DEBUG_INFO = INCLUDE_SOURCE;
				MTL_FAST_MATH = YES;
				ONLY_ACTIVE_ARCH = YES;
				PRODUCT_NAME = "$(TARGET_NAME)";
				SDKROOT = iphoneos;
				SWIFT_ACTIVE_COMPILATION_CONDITIONS = DEBUG;
				SWIFT_OPTIMIZATION_LEVEL = "-Onone";
				SWIFT_VERSION = 5.0;
			};
			name = Debug;
		};
		D1CD6E3D86C3146681AE2BF7 /* Release */ = {
			isa = XCBuildConfiguration;
			buildSettings = {
				BUNDLE_LOADER = "$(TEST_HOST)";
				CODE_SIGNING_ALLOWED = NO;
				CODE_SIGNING_REQUIRED = NO;
				CODE_SIGN_STYLE = Automatic;
				GENERATE_INFOPLIST_FILE = YES;
				IPHONEOS_DEPLOYMENT_TARGET = 17.0;
				LD_RUNPATH_SEARCH_PATHS = (
					"$(inherited)",
					"@executable_path/Frameworks",
					"@loader_path/Frameworks",
				);
				PRODUCT_BUNDLE_IDENTIFIER = com.marcosmvm.clearsky.ClearskyAppTests;
				PRODUCT_NAME = ClearskyAppTests;
				SDKROOT = iphoneos;
				SWIFT_VERSION = 5.9;
				TARGETED_DEVICE_FAMILY = "1,2";
				TEST_HOST = "$(BUILT_PRODUCTS_DIR)/ClearskyApp.app/ClearskyApp";
			};
			name = Release;
		};
		DDA6890B970C908FCB6FD509 /* Debug */ = {
			isa = XCBuildConfiguration;
			buildSettings = {
				CODE_SIGNING_ALLOWED = NO;
				CODE_SIGNING_REQUIRED = NO;
				CODE_SIGN_ENTITLEMENTS = ClearskyShareExtension/ClearskyShareExtension.entitlements;
				CODE_SIGN_STYLE = Automatic;
				CURRENT_PROJECT_VERSION = 1;
				INFOPLIST_FILE = ClearskyShareExtension/Info.plist;
				IPHONEOS_DEPLOYMENT_TARGET = 17.0;
				LD_RUNPATH_SEARCH_PATHS = (
					"$(inherited)",
					"@executable_path/Frameworks",
					"@executable_path/../../Frameworks",
				);
				MARKETING_VERSION = 0.1.0;
				PRODUCT_BUNDLE_IDENTIFIER = com.marcosmvm.clearsky.app.ShareExtension;
				PRODUCT_NAME = ClearskyShareExtension;
				SDKROOT = iphoneos;
				SKIP_INSTALL = YES;
				SWIFT_EMIT_LOC_STRINGS = YES;
				SWIFT_VERSION = 5.9;
				TARGETED_DEVICE_FAMILY = 1;
			};
			name = Debug;
		};
		E7A34A0BEB0A8794A8BF277E /* Release */ = {
			isa = XCBuildConfiguration;
			buildSettings = {
				ASSETCATALOG_COMPILER_APPICON_NAME = AppIcon;
				ASSETCATALOG_COMPILER_GLOBAL_ACCENT_COLOR_NAME = AccentColor;
				CODE_SIGNING_ALLOWED = NO;
				CODE_SIGNING_REQUIRED = NO;
				CODE_SIGN_ENTITLEMENTS = ClearskyApp/ClearskyApp.entitlements;
				CODE_SIGN_IDENTITY = "iPhone Developer";
				CODE_SIGN_STYLE = Automatic;
				CURRENT_PROJECT_VERSION = 1;
				ENABLE_PREVIEWS = YES;
				GENERATE_INFOPLIST_FILE = YES;
				INFOPLIST_KEY_CFBundleDisplayName = Clearsky;
				INFOPLIST_KEY_NSCalendarsFullAccessUsageDescription = "Clearsky holds time on your calendar for the plans you protect.";
				INFOPLIST_KEY_UIApplicationSceneManifest_Generation = YES;
				INFOPLIST_KEY_UILaunchScreen_Generation = YES;
				INFOPLIST_KEY_UISupportedInterfaceOrientations = UIInterfaceOrientationPortrait;
				"INFOPLIST_KEY_UISupportedInterfaceOrientations~ipad" = "UIInterfaceOrientationPortrait UIInterfaceOrientationPortraitUpsideDown UIInterfaceOrientationLandscapeLeft UIInterfaceOrientationLandscapeRight";
				IPHONEOS_DEPLOYMENT_TARGET = 17.0;
				LD_RUNPATH_SEARCH_PATHS = (
					"$(inherited)",
					"@executable_path/Frameworks",
				);
				MARKETING_VERSION = 0.1.0;
				PRODUCT_BUNDLE_IDENTIFIER = com.marcosmvm.clearsky.app;
				PRODUCT_NAME = ClearskyApp;
				SDKROOT = iphoneos;
				SWIFT_EMIT_LOC_STRINGS = YES;
				SWIFT_VERSION = 5.9;
				TARGETED_DEVICE_FAMILY = 1;
			};
			name = Release;
		};
/* End XCBuildConfiguration section */

/* Begin XCConfigurationList section */
		08FDED7688CA71750CDBEB22 /* Build configuration list for PBXNativeTarget "ClearskyAppTests" */ = {
			isa = XCConfigurationList;
			buildConfigurations = (
				1527D00CA5D64E161EBDA259 /* Debug */,
				D1CD6E3D86C3146681AE2BF7 /* Release */,
			);
			defaultConfigurationIsVisible = 0;
			defaultConfigurationName = Debug;
		};
		71CB7F2B8361C3566A615F1E /* Build configuration list for PBXProject "ClearskyApp" */ = {
			isa = XCConfigurationList;
			buildConfigurations = (
				404A76F5A8DAA011652736EF /* Debug */,
				17008ABEECBF0AD2883C8590 /* Release */,
			);
			defaultConfigurationIsVisible = 0;
			defaultConfigurationName = Debug;
		};
		CB60D43C9173D13D8794A3C4 /* Build configuration list for PBXNativeTarget "ClearskyApp" */ = {
			isa = XCConfigurationList;
			buildConfigurations = (
				05403A016EBEF7DD9FAFAC1B /* Debug */,
				E7A34A0BEB0A8794A8BF277E /* Release */,
			);
			defaultConfigurationIsVisible = 0;
			defaultConfigurationName = Debug;
		};
		FF54C0FC6CD70F6732DEE3F8 /* Build configuration list for PBXNativeTarget "ClearskyShareExtension" */ = {
			isa = XCConfigurationList;
			buildConfigurations = (
				DDA6890B970C908FCB6FD509 /* Debug */,
				3FEB111BCA645FDA1FB92B17 /* Release */,
			);
			defaultConfigurationIsVisible = 0;
			defaultConfigurationName = Debug;
		};
/* End XCConfigurationList section */

/* Begin XCLocalSwiftPackageReference section */
		631B9A01C29386915119CBB5 /* XCLocalSwiftPackageReference "../ClearskyCore" */ = {
			isa = XCLocalSwiftPackageReference;
			relativePath = ../ClearskyCore;
		};
/* End XCLocalSwiftPackageReference section */

/* Begin XCSwiftPackageProductDependency section */
		5079E7511BB4BAB38C6E4EF9 /* ClearskyCore */ = {
			isa = XCSwiftPackageProductDependency;
			productName = ClearskyCore;
		};
		E23B5AA488A087FBAC631767 /* ClearskyCore */ = {
			isa = XCSwiftPackageProductDependency;
			productName = ClearskyCore;
		};
		EF3A5366202B1B6D822393C6 /* ClearskyCore */ = {
			isa = XCSwiftPackageProductDependency;
			productName = ClearskyCore;
		};
/* End XCSwiftPackageProductDependency section */
	};
	rootObject = D7D4568DA67B80636FD5A766 /* Project object */;
}
